version = 1
revision = 3
requires-python = ">=3.13"

[[package]]
name = "dearpygui"
version = "2.1.1"
source = { registry = "https://pypi.org/simple" }
wheels = [
    { url = "https://files.pythonhosted.org/packages/68/3d/69e1204f84e7153b52483c48f28bbc5d6a3996dca5de1a1d5e4904059b6b/dearpygui-2.1.1-cp313-cp313-macosx_10_6_x86_64.whl", hash = "sha256:5bab324eb6d61213e74a1937b501eff8ca713e7478d5bd6465b6456921194ca0", size = 2101382, upload-time = "2025-11-14T14:47:40.666Z" },
    { url = "https://files.pythonhosted.org/packages/3c/79/f28074174bd4ea2193213fcc099fa576568129ad805fc51a066f8502dedc/dearpygui-2.1.1-cp313-cp313-macosx_13_0_arm64.whl", hash = "sha256:958a794ed9c622842c70d80548fa943162f8b9f56c27f9a9a32eff5beef10945", size = 1895619, upload-time = "2025-11-14T14:47:49.231Z" },
    { url = "https://files.pythonhosted.org/packages/0c/46/afdbc98c35b1bb6bcac815489955c1a891dc44c5b6a00ac859cc11bd0ff5/dearpygui-2.1.1-cp313-cp313-manylinux1_x86_64.whl", hash = "sha256:ce692d9531d797cf31c85439e774d27fa67c5918e21e7e18d64987d1cb65ff2c", size = 2641406, upload-time = "2025-11-14T14:47:56.269Z" },
    { url = "https://files.pythonhosted.org/packages/6b/3a/5a71ab350e580cf88e1669f2d27bdc698df7bcda665edc459a9fe217234d/dearpygui-2.1.1-cp313-cp313-win_amd64.whl", hash = "sha256:0901c6ba9c717599df9469576184ca851de6cde242b2d9f9ab10bc35a7219656", size = 1808916, upload-time = "2025-11-14T14:47:30.363Z" },
    { url = "https://files.pythonhosted.org/packages/2c/bd/d41500cae7d4b204f4474df1953a1735a7be232711fa33692fe176a88824/dearpygui-2.1.1-cp314-cp314-macosx_10_6_x86_64.whl", hash = "sha256:6d8f807ea0c75d64407926db442255b609c6883dfcc85559acfd8f66569f7d61", size = 2101737, upload-time = "2025-11-14T14:47:41.67Z" },
    { url = "https://files.pythonhosted.org/packages/97/52/00cd59bf2cca1f76dff39370fd47dffe0cd116639e9a957bbf7dbedea369/dearpygui-2.1.1-cp314-cp314-macosx_13_0_arm64.whl", hash = "sha256:16cba0c621914c28abc056940143900677d964c60fe2432aeb45c4054cb84adc", size = 1895685, upload-time = "2025-11-14T14:47:50.303Z" },
    { url = "https://files.pythonhosted.org/packages/62/f8/305f9edc94601924f399d8381509763b3398300b012389ff4d1ebcdbdb9b/dearpygui-2.1.1-cp314-cp314-manylinux1_x86_64.whl", hash = "sha256:8a71dfb779772cd36b56858c15e333fb2487fb19a9319d796896cb0cd0efcd2c", size = 2641463, upload-time = "2025-11-14T14:47:57.792Z" },
    { url = "https://files.pythonhosted.org/packages/25/d5/1780c1165c435afe4b35aa664ae48881101bdb32476efeae5588d520bcb2/dearpygui-2.1.1-cp314-cp314-win_amd64.whl", hash = "sha256:7c719adbc382f688c84c576e8d752cfe861b41b9d83ed1fd065e20944c11afbf", size = 1866074, upload-time = "2025-11-14T14:47:31.897Z" },
]

[[package]]
name = "importlib-resources"
version = "6.5.2"
source = { registry = "https://pypi.org/simple" }
sdist = { url = "https://files.pythonhosted.org/packages/cf/8c/f834fbf984f691b4f7ff60f50b514cc3de5cc08abfc3295564dd89c5e2e7/importlib_resources-6.5.2.tar.gz", hash = "sha256:185f87adef5bcc288449d98fb4fba07cea78bc036455dd44c5fc4a2fe78fed2c", size = 44693, upload-time = "2025-01-03T18:51:56.698Z" }
wheels = [
    { url = "https://files.pythonhosted.org/packages/a4/ed/1f1afb2e9e7f38a545d628f864d562a5ae64fe6f7a10e28ffb9b185b4e89/importlib_resources-6.5.2-py3-none-any.whl", hash = "sha256:789cfdc3ed28c78b67a06acb8126751ced69a3d5f79c095a98298cd8a760ccec", size = 37461, upload-time = "2025-01-03T18:51:54.306Z" },
]

[[package]]
name = "laft"
version = "0.1.0"
source = { virtual = "." }
dependencies = [
    { name = "dearpygui" },
    { name = "libusb-package" },
    { name = "pyusb" },
]

[package.dev-dependencies]
dev = [
    { name = "ruff" },
]

[package.metadata]
requires-dist = [
    { name = "dearpygui" },
    { name = "libusb-package" },
    { name = "pyusb" },
]

[package.metadata.requires-dev]
dev = [{ name = "ruff", specifier = ">=0.14.6" }]

[[package]]
name = "libusb-package"
version = "1.0.26.3"
source = { registry = "https://pypi.org/simple" }
dependencies = [
    { name = "importlib-resources" },
]
wheels = [
    { url = "https://files.pythonhosted.org/packages/b4/b8/23bc7f3f53b4a5b1027c721ec3eb42324ca1ec56355f0d0851307adc7c6c/libusb_package-1.0.26.3-cp313-cp313-macosx_10_13_x86_64.whl", hash = "sha256:04c4505e2ca68d3dc6938f116ff9bf82daffb06c1a97aba08293a84715a998da", size = 62045, upload-time = "2025-04-01T12:59:18.698Z" },
    { url = "https://files.pythonhosted.org/packages/a2/f8/e3be96d0604070488ddc5ce5af1976992e1f4a00e6441c94edf807f274d5/libusb_package-1.0.26.3-cp313-cp313-macosx_11_0_arm64.whl", hash = "sha256:4961cdb3c622aa9f858d3e4f99a58ce5e822a97c22abc77040fd806cb5fa4c66", size = 59502, upload-time = "2025-04-01T12:59:19.632Z" },
    { url = "https://files.pythonhosted.org/packages/24/d5/df1508df5e6776ac8a09a2858991df29bc96ea6a0d1f90240b1c4d59b45d/libusb_package-1.0.26.3-cp313-cp313-manylinux_2_17_aarch64.manylinux2014_aarch64.whl", hash = "sha256:16182670e0c23235521b447054c5a01600bd8f1eed3bb08eedbb0d9f8a43249f", size = 70247, upload-time = "2025-04-01T14:53:22.328Z" },
    { url = "https://files.pythonhosted.org/packages/65/01/4cc9eed12b9214c088cfa8055ece3b1db970404400be9d7e3dda68d198f2/libusb_package-1.0.26.3-cp313-cp313-manylinux_2_17_i686.manylinux2014_i686.whl", hash = "sha256:75ea57b2cc903d28ec1d4b909902df442cbf21949d80d5b3d8b9dac36ac45d1a", size = 74537, upload-time = "2025-04-01T14:53:23.306Z" },
    { url = "https://files.pythonhosted.org/packages/99/83/9eb317f706f588f4b6679bddb8abee3b115ce53dc3fa560cca59910f8807/libusb_package-1.0.26.3-cp313-cp313-manylinux_2_17_x86_64.manylinux2014_x86_64.whl", hash = "sha256:10d30b51b128ef5112fff73268b4696fea00b5676b3f39a5ee859bd76cb3ace5", size = 70651, upload-time = "2025-04-01T14:53:24.33Z" },
    { url = "https://files.pythonhosted.org/packages/22/49/85d3b307b4a20cf0150ab381e6e0385e5b78cb5dede8bade0a2d655d3fd3/libusb_package-1.0.26.3-cp313-cp313-musllinux_1_2_aarch64.whl", hash = "sha256:5c098dcfcfa8000cab42f33e19628c8fdb16111670db381048b2993651f2413b", size = 71860, upload-time = "2025-04-01T14:53:25.752Z" },
    { url = "https://files.pythonhosted.org/packages/da/7a/2271a5ae542d9036d9254415ae745d5c5d01a08d56d13054b2439bf9d392/libusb_package-1.0.26.3-cp313-cp313-musllinux_1_2_i686.whl", hash = "sha256:93169aeab0657255fe6c9f757cf408f559db13827a1d122fc89239994d7d51f1", size = 76477, upload-time = "2025-04-01T14:53:27.564Z" },
    { url = "https://files.pythonhosted.org/packages/5c/9d/d06d53994bb164564ec142ef631a4afa31e324994cf223f169ecca127f3a/libusb_package-1.0.26.3-cp313-cp313-musllinux_1_2_x86_64.whl", hash = "sha256:63257653ee1ee06aa836e942f4bb89a1d7a0c6ae3d6183647a9011e585ffa1e3", size = 71036, upload-time = "2025-04-01T14:53:29.011Z" },
    { url = "https://files.pythonhosted.org/packages/32/3d/97f775a1d582548b1eb2a42444c58813e5fd93d568fc3b9ace59f64df527/libusb_package-1.0.26.3-cp313-cp313-win32.whl", hash = "sha256:05db4cc801db2e6373a808725748a701509f9450fecf393fbebab61c45d50b50", size = 77642, upload-time = "2025-04-01T12:58:07.774Z" },
    { url = "https://files.pythonhosted.org/packages/f1/c4/d5234607697ca60593fbef88428a154317ac31f5c58ee23337b8a9360e91/libusb_package-1.0.26.3-cp313-cp313-win_amd64.whl", hash = "sha256:1cd4aec825dac2b4fa5d23b37f6d72e63a1127987e5a073dabeb7b73528623a3", size = 90593, upload-time = "2025-04-01T12:58:08.676Z" },
]

[[package]]
name = "pyusb"
version = "1.3.1"
source = { registry = "https://pypi.org/simple" }
sdist = { url = "https://files.pythonhosted.org/packages/00/6b/ce3727395e52b7b76dfcf0c665e37d223b680b9becc60710d4bc08b7b7cb/pyusb-1.3.1.tar.gz", hash = "sha256:3af070b607467c1c164f49d5b0caabe8ac78dbed9298d703a8dbf9df4052d17e", size = 77281, upload-time = "2025-01-08T23:45:01.866Z" }
wheels = [
    { url = "https://files.pythonhosted.org/packages/28/b8/27e6312e86408a44fe16bd28ee12dd98608b39f7e7e57884a24e8f29b573/pyusb-1.3.1-py3-none-any.whl", hash = "sha256:bf9b754557af4717fe80c2b07cc2b923a9151f5c08d17bdb5345dac09d6a0430", size = 58465, upload-time = "2025-01-08T23:45:00.029Z" },
]

[[package]]
name = "ruff"
version = "0.14.6"
source = { registry = "https://pypi.org/simple" }
sdist = { url = "https://files.pythonhosted.org/packages/52/f0/62b5a1a723fe183650109407fa56abb433b00aa1c0b9ba555f9c4efec2c6/ruff-0.14.6.tar.gz", hash = "sha256:6f0c742ca6a7783a736b867a263b9a7a80a45ce9bee391eeda296895f1b4e1cc", size = 5669501, upload-time = "2025-11-21T14:26:17.903Z" }
wheels = [
    { url = "https://files.pythonhosted.org/packages/67/d2/7dd544116d107fffb24a0064d41a5d2ed1c9d6372d142f9ba108c8e39207/ruff-0.14.6-py3-none-linux_armv6l.whl", hash = "sha256:d724ac2f1c240dbd01a2ae98db5d1d9a5e1d9e96eba999d1c48e30062df578a3", size = 13326119, upload-time = "2025-11-21T14:25:24.2Z" },
    { url = "https://files.pythonhosted.org/packages/36/6a/ad66d0a3315d6327ed6b01f759d83df3c4d5f86c30462121024361137b6a/ruff-0.14.6-py3-none-macosx_10_12_x86_64.whl", hash = "sha256:9f7539ea257aa4d07b7ce87aed580e485c40143f2473ff2f2b75aee003186004", size = 13526007, upload-time = "2025-11-21T14:25:26.906Z" },
    { url = "https://files.pythonhosted.org/packages/a3/9d/dae6db96df28e0a15dea8e986ee393af70fc97fd57669808728080529c37/ruff-0.14.6-py3-none-macosx_11_0_arm64.whl", hash = "sha256:7f6007e55b90a2a7e93083ba48a9f23c3158c433591c33ee2e99a49b889c6332", size = 12676572, upload-time = "2025-11-21T14:25:29.826Z" },
    { url = "https://files.pythonhosted.org/packages/76/a4/f319e87759949062cfee1b26245048e92e2acce900ad3a909285f9db1859/ruff-0.14.6-py3-none-manylinux_2_17_aarch64.manylinux2014_aarch64.whl", hash = "sha256:0a8e7b9d73d8728b68f632aa8e824ef041d068d231d8dbc7808532d3629a6bef", size = 13140745, upload-time = "2025-11-21T14:25:32.788Z" },
    { url = "https://files.pythonhosted.org/packages/95/d3/248c1efc71a0a8ed4e8e10b4b2266845d7dfc7a0ab64354afe049eaa1310/ruff-0.14.6-py3-none-manylinux_2_17_armv7l.manylinux2014_armv7l.whl", hash = "sha256:d50d45d4553a3ebcbd33e7c5e0fe6ca4aafd9a9122492de357205c2c48f00775", size = 13076486, upload-time = "2025-11-21T14:25:35.601Z" },
    { url = "https://files.pythonhosted.org/packages/a5/19/b68d4563fe50eba4b8c92aa842149bb56dd24d198389c0ed12e7faff4f7d/ruff-0.14.6-py3-none-manylinux_2_17_i686.manylinux2014_i686.whl", hash = "sha256:118548dd121f8a21bfa8ab2c5b80e5b4aed67ead4b7567790962554f38e598ce", size = 13727563, upload-time = "2025-11-21T14:25:38.514Z" },
    { url = "https://files.pythonhosted.org/packages/47/ac/943169436832d4b0e867235abbdb57ce3a82367b47e0280fa7b4eabb7593/ruff-0.14.6-py3-none-manylinux_2_17_ppc64.manylinux2014_ppc64.whl", hash = "sha256:57256efafbfefcb8748df9d1d766062f62b20150691021f8ab79e2d919f7c11f", size = 15199755, upload-time = "2025-11-21T14:25:41.516Z" },
    { url = "https://files.pythonhosted.org/packages/c9/b9/288bb2399860a36d4bb0541cb66cce3c0f4156aaff009dc8499be0c24bf2/ruff-0.14.6-py3-none-manylinux_2_17_ppc64le.manylinux2014_ppc64le.whl", hash = "sha256:ff18134841e5c68f8e5df1999a64429a02d5549036b394fafbe410f886e1989d", size = 14850608, upload-time = "2025-11-21T14:25:44.428Z" },
    { url = "https://files.pythonhosted.org/packages/ee/b1/a0d549dd4364e240f37e7d2907e97ee80587480d98c7799d2d8dc7a2f605/ruff-0.14.6-py3-none-manylinux_2_17_s390x.manylinux2014_s390x.whl", hash = "sha256:29c4b7ec1e66a105d5c27bd57fa93203637d66a26d10ca9809dc7fc18ec58440", size = 14118754, upload-time = "2025-11-21T14:25:47.214Z" },
    { url = "https://files.pythonhosted.org/packages/13/ac/9b9fe63716af8bdfddfacd0882bc1586f29985d3b988b3c62ddce2e202c3/ruff-0.14.6-py3-none-manylinux_2_17_x86_64.manylinux2014_x86_64.whl", hash = "sha256:167843a6f78680746d7e226f255d920aeed5e4ad9c03258094a2d49d3028b105", size = 13949214, upload-time = "2025-11-21T14:25:50.002Z" },
    { url = "https://files.pythonhosted.org/packages/12/27/4dad6c6a77fede9560b7df6802b1b697e97e49ceabe1f12baf3ea20862e9/ruff-0.14.6-py3-none-manylinux_2_31_riscv64.whl", hash = "sha256:16a33af621c9c523b1ae006b1b99b159bf5ac7e4b1f20b85b2572455018e0821", size = 14106112, upload-time = "2025-11-21T14:25:52.841Z" },
    { url = "https://files.pythonhosted.org/packages/6a/db/23e322d7177873eaedea59a7932ca5084ec5b7e20cb30f341ab594130a71/ruff-0.14.6-py3-none-musllinux_1_2_aarch64.whl", hash = "sha256:1432ab6e1ae2dc565a7eea707d3b03a0c234ef401482a6f1621bc1f427c2ff55", size = 13035010, upload-time = "2025-11-21T14:25:55.536Z" },
    { url = "https://files.pythonhosted.org/packages/a8/9c/20e21d4d69dbb35e6a1df7691e02f363423658a20a2afacf2a2c011800dc/ruff-0.14.6-py3-none-musllinux_1_2_armv7l.whl", hash = "sha256:4c55cfbbe7abb61eb914bfd20683d14cdfb38a6d56c6c66efa55ec6570ee4e71", size = 13054082, upload-time = "2025-11-21T14:25:58.625Z" },
    { url = "https://files.pythonhosted.org/packages/66/25/906ee6a0464c3125c8d673c589771a974965c2be1a1e28b5c3b96cb6ef88/ruff-0.14.6-py3-none-musllinux_1_2_i686.whl", hash = "sha256:efea3c0f21901a685fff4befda6d61a1bf4cb43de16da87e8226a281d614350b", size = 13303354, upload-time = "2025-11-21T14:26:01.816Z" },
    { url = "https://files.pythonhosted.org/packages/4c/58/60577569e198d56922b7ead07b465f559002b7b11d53f40937e95067ca1c/ruff-0.14.6-py3-none-musllinux_1_2_x86_64.whl", hash = "sha256:344d97172576d75dc6afc0e9243376dbe1668559c72de1864439c4fc95f78185", size = 14054487, upload-time = "2025-11-21T14:26:05.058Z" },
    { url = "https://files.pythonhosted.org/packages/67/0b/8e4e0639e4cc12547f41cb771b0b44ec8225b6b6a93393176d75fe6f7d40/ruff-0.14.6-py3-none-win32.whl", hash = "sha256:00169c0c8b85396516fdd9ce3446c7ca20c2a8f90a77aa945ba6b8f2bfe99e85", size = 13013361, upload-time = "2025-11-21T14:26:08.152Z" },
    { url = "https://files.pythonhosted.org/packages/fb/02/82240553b77fd1341f80ebb3eaae43ba011c7a91b4224a9f317d8e6591af/ruff-0.14.6-py3-none-win_amd64.whl", hash = "sha256:390e6480c5e3659f8a4c8d6a0373027820419ac14fa0d2713bd8e6c3e125b8b9", size = 14432087, upload-time = "2025-11-21T14:26:10.891Z" },
    { url = "https://files.pythonhosted.org/packages/a5/1f/93f9b0fad9470e4c829a5bb678da4012f0c710d09331b860ee555216f4ea/ruff-0.14.6-py3-none-win_arm64.whl", hash = "sha256:d43c81fbeae52cfa8728d8766bbf46ee4298c888072105815b392da70ca836b2", size = 13520930, upload-time = "2025-11-21T14:26:13.951Z" },
]
